
Microsoft Visual Studio Solution File, Format Version 12.00
# Visual Studio Version 17
VisualStudioVersion = 17.12.35527.113 d17.12
MinimumVisualStudioVersion = 10.0.40219.1
Project("{FAE04EC0-301F-11D3-BF4B-00C04F79EFBC}") = "Ineq3DOnline", "Ineq3DOnline\Ineq3DOnline.csproj", "{6E48DC07-12F2-4E07-81DD-75F303913C64}"
EndProject
Project("{FAE04EC0-301F-11D3-BF4B-00C04F79EFBC}") = "Ineq3DMesh", "Ineq3DMesh\Ineq3DMesh.csproj", "{0CEB4601-32B2-4F01-9D96-2A26D0757EFB}"
EndProject
Global
	GlobalSection(SolutionConfigurationPlatforms) = preSolution
		Debug|Any CPU = Debug|Any CPU
		Release|Any CPU = Release|Any CPU
	EndGlobalSection
	GlobalSection(ProjectConfigurationPlatforms) = postSolution
		{6E48DC07-12F2-4E07-81DD-75F303913C64}.Debug|Any CPU.ActiveCfg = Debug|Any CPU
		{6E48DC07-12F2-4E07-81DD-75F303913C64}.Debug|Any CPU.Build.0 = Debug|Any CPU
		{6E48DC07-12F2-4E07-81DD-75F303913C64}.Release|Any CPU.ActiveCfg = Release|Any CPU
		{6E48DC07-12F2-4E07-81DD-75F303913C64}.Release|Any CPU.Build.0 = Release|Any CPU
		{0CEB4601-32B2-4F01-9D96-2A26D0757EFB}.Debug|Any CPU.ActiveCfg = Debug|Any CPU
		{0CEB4601-32B2-4F01-9D96-2A26D0757EFB}.Debug|Any CPU.Build.0 = Debug|Any CPU
		{0CEB4601-32B2-4F01-9D96-2A26D0757EFB}.Release|Any CPU.ActiveCfg = Release|Any CPU
		{0CEB4601-32B2-4F01-9D96-2A26D0757EFB}.Release|Any CPU.Build.0 = Release|Any CPU
	EndGlobalSection
	GlobalSection(SolutionProperties) = preSolution
		HideSolutionNode = FALSE
	EndGlobalSection
EndGlobal
